
Microsoft Visual Studio Solution File, Format Version 12.00
# Visual Studio Version 17
VisualStudioVersion = 17.0.31903.59
MinimumVisualStudioVersion = 10.0.40219.1
Project("{2150E333-8FDC-42A3-9474-1A3956D46DE8}") = "src", "src", "{827E0CD3-B72D-47B6-A68D-7590B98EB39B}"
EndProject
Project("{2150E333-8FDC-42A3-9474-1A3956D46DE8}") = "Core", "Core", "{8D626EA8-CB54-BC41-363A-217881BEBA6E}"
EndProject
Project("{2150E333-8FDC-42A3-9474-1A3956D46DE8}") = "Base", "Base", "{38F2DDF5-6906-3FAF-215B-0C7703333DCB}"
EndProject
Project("{2150E333-8FDC-42A3-9474-1A3956D46DE8}") = "Models", "Models", "{7826A75C-E8E7-8D39-19CD-627C294407C4}"
EndProject
Project("{FAE04EC0-301F-11D3-BF4B-00C04F79EFBC}") = "Core.Base.Models", "src\Core\Base\Models\Core.Base.Models.csproj", "{70163EAF-D35E-4925-8BDB-7711C458CC6B}"
EndProject
Project("{2150E333-8FDC-42A3-9474-1A3956D46DE8}") = "CustomerManagement", "CustomerManagement", "{111878B0-C292-18F1-3FE4-E9F30941E2A6}"
EndProject
Project("{2150E333-8FDC-42A3-9474-1A3956D46DE8}") = "Customers", "Customers", "{CD1086B3-D67F-2CE5-7953-AA9115C8CCBC}"
EndProject
Project("{2150E333-8FDC-42A3-9474-1A3956D46DE8}") = "Context", "Context", "{B986387F-3052-6D95-0228-7CC87B8387AD}"
EndProject
Project("{FAE04EC0-301F-11D3-BF4B-00C04F79EFBC}") = "CustomerManagement.Customers.Context", "src\CustomerManagement\Customers\Context\CustomerManagement.Customers.Context.csproj", "{B123F771-67BF-49D4-BAE2-9383E0B0332D}"
EndProject
Project("{2150E333-8FDC-42A3-9474-1A3956D46DE8}") = "Interfaces", "Interfaces", "{D17B0AC7-917C-4E20-86D6-2A0FCA7DAA90}"
EndProject
Project("{FAE04EC0-301F-11D3-BF4B-00C04F79EFBC}") = "CustomerManagement.Customers.Interfaces", "src\CustomerManagement\Customers\Interfaces\CustomerManagement.Customers.Interfaces.csproj", "{1551775C-94B5-484B-A2B8-9AE45B1BB6EE}"
EndProject
Project("{2150E333-8FDC-42A3-9474-1A3956D46DE8}") = "InternalClient", "InternalClient", "{8FB84CAB-1BAC-D913-22DC-5E38840F6FD5}"
EndProject
Project("{FAE04EC0-301F-11D3-BF4B-00C04F79EFBC}") = "CustomerManagement.Customers.InternalClient", "src\CustomerManagement\Customers\InternalClient\CustomerManagement.Customers.InternalClient.csproj", "{F2EE5DFC-7D66-4B48-9C7B-13D6E4D2FEBA}"
EndProject
Project("{2150E333-8FDC-42A3-9474-1A3956D46DE8}") = "Models", "Models", "{4DD963CA-84DD-0760-EF12-C2BC22EBDECF}"
EndProject
Project("{FAE04EC0-301F-11D3-BF4B-00C04F79EFBC}") = "CustomerManagement.Customers.Models", "src\CustomerManagement\Customers\Models\CustomerManagement.Customers.Models.csproj", "{6D66BCDC-59BD-4F9F-8557-68416E68A35C}"
EndProject
Project("{2150E333-8FDC-42A3-9474-1A3956D46DE8}") = "Sales", "Sales", "{F6FDC0FD-C141-B423-7C68-0DF90D9BC1ED}"
EndProject
Project("{2150E333-8FDC-42A3-9474-1A3956D46DE8}") = "OrderManagement", "OrderManagement", "{FC8020CA-77C0-A6D7-119C-0CD9A8BE7D21}"
EndProject
Project("{2150E333-8FDC-42A3-9474-1A3956D46DE8}") = "Context", "Context", "{FC524FC4-7F95-CB8F-01E7-BAD6B3A84137}"
EndProject
Project("{FAE04EC0-301F-11D3-BF4B-00C04F79EFBC}") = "Sales.OrderManagement.Context", "src\Sales\OrderManagement\Context\Sales.OrderManagement.Context.csproj", "{0E080F64-6D24-46E5-82FE-FE186BDE61E0}"
EndProject
Project("{2150E333-8FDC-42A3-9474-1A3956D46DE8}") = "Interfaces", "Interfaces", "{1BB9161D-80BD-8A6A-71B7-7CFBFA24086A}"
EndProject
Project("{FAE04EC0-301F-11D3-BF4B-00C04F79EFBC}") = "Sales.OrderManagement.Interfaces", "src\Sales\OrderManagement\Interfaces\Sales.OrderManagement.Interfaces.csproj", "{BB6EA71B-9E57-4926-AE3A-5D507589C926}"
EndProject
Project("{2150E333-8FDC-42A3-9474-1A3956D46DE8}") = "InternalClient", "InternalClient", "{C36CD900-DA4C-1460-8F22-D895687CC565}"
EndProject
Project("{FAE04EC0-301F-11D3-BF4B-00C04F79EFBC}") = "Sales.OrderManagement.InternalClient", "src\Sales\OrderManagement\InternalClient\Sales.OrderManagement.InternalClient.csproj", "{C959BE4A-915A-4EFC-9299-25630C007D34}"
EndProject
Project("{2150E333-8FDC-42A3-9474-1A3956D46DE8}") = "Models", "Models", "{C4CCB092-CAF2-F64F-055E-9F53445D49EF}"
EndProject
Project("{FAE04EC0-301F-11D3-BF4B-00C04F79EFBC}") = "Sales.OrderManagement.Models", "src\Sales\OrderManagement\Models\Sales.OrderManagement.Models.csproj", "{3A296159-C483-4543-90EA-54B2FE2F0BBC}"
EndProject
Project("{2150E333-8FDC-42A3-9474-1A3956D46DE8}") = "Service", "Service", "{E1A36808-B719-B287-2D98-409CF890FFCC}"
EndProject
Project("{FAE04EC0-301F-11D3-BF4B-00C04F79EFBC}") = "Sales.Service", "src\Sales\Service\Sales.Service.csproj", "{C74082BC-B822-40C5-809E-C53D041039E9}"
EndProject
Project("{2150E333-8FDC-42A3-9474-1A3956D46DE8}") = "Tracking", "Tracking", "{F400F6E3-E8A9-AF23-8E4C-3268A21D62D2}"
EndProject
Project("{2150E333-8FDC-42A3-9474-1A3956D46DE8}") = "Models", "Models", "{C2428F99-C326-667D-B3CA-F29C7EEADC2A}"
EndProject
Project("{FAE04EC0-301F-11D3-BF4B-00C04F79EFBC}") = "Sales.Tracking.Models", "src\Sales\Tracking\Models\Sales.Tracking.Models.csproj", "{9291D5FC-0E70-428E-8C79-E46460892550}"
EndProject
Project("{2150E333-8FDC-42A3-9474-1A3956D46DE8}") = "tests", "tests", "{0AB3BF05-4346-4AA6-1389-037BE0695223}"
EndProject
Project("{FAE04EC0-301F-11D3-BF4B-00C04F79EFBC}") = "SampleWebShop.Tests", "tests\SampleWebShop.Tests\SampleWebShop.Tests.csproj", "{F9E5E471-9D6C-4EF4-B42D-603AA03587DC}"
EndProject
Project("{2150E333-8FDC-42A3-9474-1A3956D46DE8}") = "Context", "Context", "{61AE5CFC-75B0-36BA-B960-502D0EED551C}"
EndProject
Project("{FAE04EC0-301F-11D3-BF4B-00C04F79EFBC}") = "Sales.Tracking.Context", "src\Sales\Tracking\Context\Sales.Tracking.Context.csproj", "{5FC54F24-EB10-4D4E-B15C-AD08F9033117}"
EndProject
Project("{2150E333-8FDC-42A3-9474-1A3956D46DE8}") = "Events", "Events", "{F640D8A6-3CBC-5251-E9E4-82D93BBF81BE}"
EndProject
Project("{FAE04EC0-301F-11D3-BF4B-00C04F79EFBC}") = "Sales.OrderManagement.Events", "src\Sales\OrderManagement\Events\Sales.OrderManagement.Events.csproj", "{AAB4BFA8-814A-449F-8D32-2C77A0E16895}"
EndProject
Global
	GlobalSection(SolutionConfigurationPlatforms) = preSolution
		Debug|Any CPU = Debug|Any CPU
		Debug|x64 = Debug|x64
		Debug|x86 = Debug|x86
		Release|Any CPU = Release|Any CPU
		Release|x64 = Release|x64
		Release|x86 = Release|x86
	EndGlobalSection
	GlobalSection(ProjectConfigurationPlatforms) = postSolution
		{70163EAF-D35E-4925-8BDB-7711C458CC6B}.Debug|Any CPU.ActiveCfg = Debug|Any CPU
		{70163EAF-D35E-4925-8BDB-7711C458CC6B}.Debug|Any CPU.Build.0 = Debug|Any CPU
		{70163EAF-D35E-4925-8BDB-7711C458CC6B}.Debug|x64.ActiveCfg = Debug|Any CPU
		{70163EAF-D35E-4925-8BDB-7711C458CC6B}.Debug|x64.Build.0 = Debug|Any CPU
		{70163EAF-D35E-4925-8BDB-7711C458CC6B}.Debug|x86.ActiveCfg = Debug|Any CPU
		{70163EAF-D35E-4925-8BDB-7711C458CC6B}.Debug|x86.Build.0 = Debug|Any CPU
		{70163EAF-D35E-4925-8BDB-7711C458CC6B}.Release|Any CPU.ActiveCfg = Release|Any CPU
		{70163EAF-D35E-4925-8BDB-7711C458CC6B}.Release|Any CPU.Build.0 = Release|Any CPU
		{70163EAF-D35E-4925-8BDB-7711C458CC6B}.Release|x64.ActiveCfg = Release|Any CPU
		{70163EAF-D35E-4925-8BDB-7711C458CC6B}.Release|x64.Build.0 = Release|Any CPU
		{70163EAF-D35E-4925-8BDB-7711C458CC6B}.Release|x86.ActiveCfg = Release|Any CPU
		{70163EAF-D35E-4925-8BDB-7711C458CC6B}.Release|x86.Build.0 = Release|Any CPU
		{B123F771-67BF-49D4-BAE2-9383E0B0332D}.Debug|Any CPU.ActiveCfg = Debug|Any CPU
		{B123F771-67BF-49D4-BAE2-9383E0B0332D}.Debug|Any CPU.Build.0 = Debug|Any CPU
		{B123F771-67BF-49D4-BAE2-9383E0B0332D}.Debug|x64.ActiveCfg = Debug|Any CPU
		{B123F771-67BF-49D4-BAE2-9383E0B0332D}.Debug|x64.Build.0 = Debug|Any CPU
		{B123F771-67BF-49D4-BAE2-9383E0B0332D}.Debug|x86.ActiveCfg = Debug|Any CPU
		{B123F771-67BF-49D4-BAE2-9383E0B0332D}.Debug|x86.Build.0 = Debug|Any CPU
		{B123F771-67BF-49D4-BAE2-9383E0B0332D}.Release|Any CPU.ActiveCfg = Release|Any CPU
		{B123F771-67BF-49D4-BAE2-9383E0B0332D}.Release|Any CPU.Build.0 = Release|Any CPU
		{B123F771-67BF-49D4-BAE2-9383E0B0332D}.Release|x64.ActiveCfg = Release|Any CPU
		{B123F771-67BF-49D4-BAE2-9383E0B0332D}.Release|x64.Build.0 = Release|Any CPU
		{B123F771-67BF-49D4-BAE2-9383E0B0332D}.Release|x86.ActiveCfg = Release|Any CPU
		{B123F771-67BF-49D4-BAE2-9383E0B0332D}.Release|x86.Build.0 = Release|Any CPU
		{1551775C-94B5-484B-A2B8-9AE45B1BB6EE}.Debug|Any CPU.ActiveCfg = Debug|Any CPU
		{1551775C-94B5-484B-A2B8-9AE45B1BB6EE}.Debug|Any CPU.Build.0 = Debug|Any CPU
		{1551775C-94B5-484B-A2B8-9AE45B1BB6EE}.Debug|x64.ActiveCfg = Debug|Any CPU
		{1551775C-94B5-484B-A2B8-9AE45B1BB6EE}.Debug|x64.Build.0 = Debug|Any CPU
		{1551775C-94B5-484B-A2B8-9AE45B1BB6EE}.Debug|x86.ActiveCfg = Debug|Any CPU
		{1551775C-94B5-484B-A2B8-9AE45B1BB6EE}.Debug|x86.Build.0 = Debug|Any CPU
		{1551775C-94B5-484B-A2B8-9AE45B1BB6EE}.Release|Any CPU.ActiveCfg = Release|Any CPU
		{1551775C-94B5-484B-A2B8-9AE45B1BB6EE}.Release|Any CPU.Build.0 = Release|Any CPU
		{1551775C-94B5-484B-A2B8-9AE45B1BB6EE}.Release|x64.ActiveCfg = Release|Any CPU
		{1551775C-94B5-484B-A2B8-9AE45B1BB6EE}.Release|x64.Build.0 = Release|Any CPU
		{1551775C-94B5-484B-A2B8-9AE45B1BB6EE}.Release|x86.ActiveCfg = Release|Any CPU
		{1551775C-94B5-484B-A2B8-9AE45B1BB6EE}.Release|x86.Build.0 = Release|Any CPU
		{F2EE5DFC-7D66-4B48-9C7B-13D6E4D2FEBA}.Debug|Any CPU.ActiveCfg = Debug|Any CPU
		{F2EE5DFC-7D66-4B48-9C7B-13D6E4D2FEBA}.Debug|Any CPU.Build.0 = Debug|Any CPU
		{F2EE5DFC-7D66-4B48-9C7B-13D6E4D2FEBA}.Debug|x64.ActiveCfg = Debug|Any CPU
		{F2EE5DFC-7D66-4B48-9C7B-13D6E4D2FEBA}.Debug|x64.Build.0 = Debug|Any CPU
		{F2EE5DFC-7D66-4B48-9C7B-13D6E4D2FEBA}.Debug|x86.ActiveCfg = Debug|Any CPU
		{F2EE5DFC-7D66-4B48-9C7B-13D6E4D2FEBA}.Debug|x86.Build.0 = Debug|Any CPU
		{F2EE5DFC-7D66-4B48-9C7B-13D6E4D2FEBA}.Release|Any CPU.ActiveCfg = Release|Any CPU
		{F2EE5DFC-7D66-4B48-9C7B-13D6E4D2FEBA}.Release|Any CPU.Build.0 = Release|Any CPU
		{F2EE5DFC-7D66-4B48-9C7B-13D6E4D2FEBA}.Release|x64.ActiveCfg = Release|Any CPU
		{F2EE5DFC-7D66-4B48-9C7B-13D6E4D2FEBA}.Release|x64.Build.0 = Release|Any CPU
		{F2EE5DFC-7D66-4B48-9C7B-13D6E4D2FEBA}.Release|x86.ActiveCfg = Release|Any CPU
		{F2EE5DFC-7D66-4B48-9C7B-13D6E4D2FEBA}.Release|x86.Build.0 = Release|Any CPU
		{6D66BCDC-59BD-4F9F-8557-68416E68A35C}.Debug|Any CPU.ActiveCfg = Debug|Any CPU
		{6D66BCDC-59BD-4F9F-8557-68416E68A35C}.Debug|Any CPU.Build.0 = Debug|Any CPU
		{6D66BCDC-59BD-4F9F-8557-68416E68A35C}.Debug|x64.ActiveCfg = Debug|Any CPU
		{6D66BCDC-59BD-4F9F-8557-68416E68A35C}.Debug|x64.Build.0 = Debug|Any CPU
		{6D66BCDC-59BD-4F9F-8557-68416E68A35C}.Debug|x86.ActiveCfg = Debug|Any CPU
		{6D66BCDC-59BD-4F9F-8557-68416E68A35C}.Debug|x86.Build.0 = Debug|Any CPU
		{6D66BCDC-59BD-4F9F-8557-68416E68A35C}.Release|Any CPU.ActiveCfg = Release|Any CPU
		{6D66BCDC-59BD-4F9F-8557-68416E68A35C}.Release|Any CPU.Build.0 = Release|Any CPU
		{6D66BCDC-59BD-4F9F-8557-68416E68A35C}.Release|x64.ActiveCfg = Release|Any CPU
		{6D66BCDC-59BD-4F9F-8557-68416E68A35C}.Release|x64.Build.0 = Release|Any CPU
		{6D66BCDC-59BD-4F9F-8557-68416E68A35C}.Release|x86.ActiveCfg = Release|Any CPU
		{6D66BCDC-59BD-4F9F-8557-68416E68A35C}.Release|x86.Build.0 = Release|Any CPU
		{0E080F64-6D24-46E5-82FE-FE186BDE61E0}.Debug|Any CPU.ActiveCfg = Debug|Any CPU
		{0E080F64-6D24-46E5-82FE-FE186BDE61E0}.Debug|Any CPU.Build.0 = Debug|Any CPU
		{0E080F64-6D24-46E5-82FE-FE186BDE61E0}.Debug|x64.ActiveCfg = Debug|Any CPU
		{0E080F64-6D24-46E5-82FE-FE186BDE61E0}.Debug|x64.Build.0 = Debug|Any CPU
		{0E080F64-6D24-46E5-82FE-FE186BDE61E0}.Debug|x86.ActiveCfg = Debug|Any CPU
		{0E080F64-6D24-46E5-82FE-FE186BDE61E0}.Debug|x86.Build.0 = Debug|Any CPU
		{0E080F64-6D24-46E5-82FE-FE186BDE61E0}.Release|Any CPU.ActiveCfg = Release|Any CPU
		{0E080F64-6D24-46E5-82FE-FE186BDE61E0}.Release|Any CPU.Build.0 = Release|Any CPU
		{0E080F64-6D24-46E5-82FE-FE186BDE61E0}.Release|x64.ActiveCfg = Release|Any CPU
		{0E080F64-6D24-46E5-82FE-FE186BDE61E0}.Release|x64.Build.0 = Release|Any CPU
		{0E080F64-6D24-46E5-82FE-FE186BDE61E0}.Release|x86.ActiveCfg = Release|Any CPU
		{0E080F64-6D24-46E5-82FE-FE186BDE61E0}.Release|x86.Build.0 = Release|Any CPU
		{BB6EA71B-9E57-4926-AE3A-5D507589C926}.Debug|Any CPU.ActiveCfg = Debug|Any CPU
		{BB6EA71B-9E57-4926-AE3A-5D507589C926}.Debug|Any CPU.Build.0 = Debug|Any CPU
		{BB6EA71B-9E57-4926-AE3A-5D507589C926}.Debug|x64.ActiveCfg = Debug|Any CPU
		{BB6EA71B-9E57-4926-AE3A-5D507589C926}.Debug|x64.Build.0 = Debug|Any CPU
		{BB6EA71B-9E57-4926-AE3A-5D507589C926}.Debug|x86.ActiveCfg = Debug|Any CPU
		{BB6EA71B-9E57-4926-AE3A-5D507589C926}.Debug|x86.Build.0 = Debug|Any CPU
		{BB6EA71B-9E57-4926-AE3A-5D507589C926}.Release|Any CPU.ActiveCfg = Release|Any CPU
		{BB6EA71B-9E57-4926-AE3A-5D507589C926}.Release|Any CPU.Build.0 = Release|Any CPU
		{BB6EA71B-9E57-4926-AE3A-5D507589C926}.Release|x64.ActiveCfg = Release|Any CPU
		{BB6EA71B-9E57-4926-AE3A-5D507589C926}.Release|x64.Build.0 = Release|Any CPU
		{BB6EA71B-9E57-4926-AE3A-5D507589C926}.Release|x86.ActiveCfg = Release|Any CPU
		{BB6EA71B-9E57-4926-AE3A-5D507589C926}.Release|x86.Build.0 = Release|Any CPU
		{C959BE4A-915A-4EFC-9299-25630C007D34}.Debug|Any CPU.ActiveCfg = Debug|Any CPU
		{C959BE4A-915A-4EFC-9299-25630C007D34}.Debug|Any CPU.Build.0 = Debug|Any CPU
		{C959BE4A-915A-4EFC-9299-25630C007D34}.Debug|x64.ActiveCfg = Debug|Any CPU
		{C959BE4A-915A-4EFC-9299-25630C007D34}.Debug|x64.Build.0 = Debug|Any CPU
		{C959BE4A-915A-4EFC-9299-25630C007D34}.Debug|x86.ActiveCfg = Debug|Any CPU
		{C959BE4A-915A-4EFC-9299-25630C007D34}.Debug|x86.Build.0 = Debug|Any CPU
		{C959BE4A-915A-4EFC-9299-25630C007D34}.Release|Any CPU.ActiveCfg = Release|Any CPU
		{C959BE4A-915A-4EFC-9299-25630C007D34}.Release|Any CPU.Build.0 = Release|Any CPU
		{C959BE4A-915A-4EFC-9299-25630C007D34}.Release|x64.ActiveCfg = Release|Any CPU
		{C959BE4A-915A-4EFC-9299-25630C007D34}.Release|x64.Build.0 = Release|Any CPU
		{C959BE4A-915A-4EFC-9299-25630C007D34}.Release|x86.ActiveCfg = Release|Any CPU
		{C959BE4A-915A-4EFC-9299-25630C007D34}.Release|x86.Build.0 = Release|Any CPU
		{3A296159-C483-4543-90EA-54B2FE2F0BBC}.Debug|Any CPU.ActiveCfg = Debug|Any CPU
		{3A296159-C483-4543-90EA-54B2FE2F0BBC}.Debug|Any CPU.Build.0 = Debug|Any CPU
		{3A296159-C483-4543-90EA-54B2FE2F0BBC}.Debug|x64.ActiveCfg = Debug|Any CPU
		{3A296159-C483-4543-90EA-54B2FE2F0BBC}.Debug|x64.Build.0 = Debug|Any CPU
		{3A296159-C483-4543-90EA-54B2FE2F0BBC}.Debug|x86.ActiveCfg = Debug|Any CPU
		{3A296159-C483-4543-90EA-54B2FE2F0BBC}.Debug|x86.Build.0 = Debug|Any CPU
		{3A296159-C483-4543-90EA-54B2FE2F0BBC}.Release|Any CPU.ActiveCfg = Release|Any CPU
		{3A296159-C483-4543-90EA-54B2FE2F0BBC}.Release|Any CPU.Build.0 = Release|Any CPU
		{3A296159-C483-4543-90EA-54B2FE2F0BBC}.Release|x64.ActiveCfg = Release|Any CPU
		{3A296159-C483-4543-90EA-54B2FE2F0BBC}.Release|x64.Build.0 = Release|Any CPU
		{3A296159-C483-4543-90EA-54B2FE2F0BBC}.Release|x86.ActiveCfg = Release|Any CPU
		{3A296159-C483-4543-90EA-54B2FE2F0BBC}.Release|x86.Build.0 = Release|Any CPU
		{C74082BC-B822-40C5-809E-C53D041039E9}.Debug|Any CPU.ActiveCfg = Debug|Any CPU
		{C74082BC-B822-40C5-809E-C53D041039E9}.Debug|Any CPU.Build.0 = Debug|Any CPU
		{C74082BC-B822-40C5-809E-C53D041039E9}.Debug|x64.ActiveCfg = Debug|Any CPU
		{C74082BC-B822-40C5-809E-C53D041039E9}.Debug|x64.Build.0 = Debug|Any CPU
		{C74082BC-B822-40C5-809E-C53D041039E9}.Debug|x86.ActiveCfg = Debug|Any CPU
		{C74082BC-B822-40C5-809E-C53D041039E9}.Debug|x86.Build.0 = Debug|Any CPU
		{C74082BC-B822-40C5-809E-C53D041039E9}.Release|Any CPU.ActiveCfg = Release|Any CPU
		{C74082BC-B822-40C5-809E-C53D041039E9}.Release|Any CPU.Build.0 = Release|Any CPU
		{C74082BC-B822-40C5-809E-C53D041039E9}.Release|x64.ActiveCfg = Release|Any CPU
		{C74082BC-B822-40C5-809E-C53D041039E9}.Release|x64.Build.0 = Release|Any CPU
		{C74082BC-B822-40C5-809E-C53D041039E9}.Release|x86.ActiveCfg = Release|Any CPU
		{C74082BC-B822-40C5-809E-C53D041039E9}.Release|x86.Build.0 = Release|Any CPU
		{9291D5FC-0E70-428E-8C79-E46460892550}.Debug|Any CPU.ActiveCfg = Debug|Any CPU
		{9291D5FC-0E70-428E-8C79-E46460892550}.Debug|Any CPU.Build.0 = Debug|Any CPU
		{9291D5FC-0E70-428E-8C79-E46460892550}.Debug|x64.ActiveCfg = Debug|Any CPU
		{9291D5FC-0E70-428E-8C79-E46460892550}.Debug|x64.Build.0 = Debug|Any CPU
		{9291D5FC-0E70-428E-8C79-E46460892550}.Debug|x86.ActiveCfg = Debug|Any CPU
		{9291D5FC-0E70-428E-8C79-E46460892550}.Debug|x86.Build.0 = Debug|Any CPU
		{9291D5FC-0E70-428E-8C79-E46460892550}.Release|Any CPU.ActiveCfg = Release|Any CPU
		{9291D5FC-0E70-428E-8C79-E46460892550}.Release|Any CPU.Build.0 = Release|Any CPU
		{9291D5FC-0E70-428E-8C79-E46460892550}.Release|x64.ActiveCfg = Release|Any CPU
		{9291D5FC-0E70-428E-8C79-E46460892550}.Release|x64.Build.0 = Release|Any CPU
		{9291D5FC-0E70-428E-8C79-E46460892550}.Release|x86.ActiveCfg = Release|Any CPU
		{9291D5FC-0E70-428E-8C79-E46460892550}.Release|x86.Build.0 = Release|Any CPU
		{F9E5E471-9D6C-4EF4-B42D-603AA03587DC}.Debug|Any CPU.ActiveCfg = Debug|Any CPU
		{F9E5E471-9D6C-4EF4-B42D-603AA03587DC}.Debug|Any CPU.Build.0 = Debug|Any CPU
		{F9E5E471-9D6C-4EF4-B42D-603AA03587DC}.Debug|x64.ActiveCfg = Debug|Any CPU
		{F9E5E471-9D6C-4EF4-B42D-603AA03587DC}.Debug|x64.Build.0 = Debug|Any CPU
		{F9E5E471-9D6C-4EF4-B42D-603AA03587DC}.Debug|x86.ActiveCfg = Debug|Any CPU
		{F9E5E471-9D6C-4EF4-B42D-603AA03587DC}.Debug|x86.Build.0 = Debug|Any CPU
		{F9E5E471-9D6C-4EF4-B42D-603AA03587DC}.Release|Any CPU.ActiveCfg = Release|Any CPU
		{F9E5E471-9D6C-4EF4-B42D-603AA03587DC}.Release|Any CPU.Build.0 = Release|Any CPU
		{F9E5E471-9D6C-4EF4-B42D-603AA03587DC}.Release|x64.ActiveCfg = Release|Any CPU
		{F9E5E471-9D6C-4EF4-B42D-603AA03587DC}.Release|x64.Build.0 = Release|Any CPU
		{F9E5E471-9D6C-4EF4-B42D-603AA03587DC}.Release|x86.ActiveCfg = Release|Any CPU
		{F9E5E471-9D6C-4EF4-B42D-603AA03587DC}.Release|x86.Build.0 = Release|Any CPU
		{5FC54F24-EB10-4D4E-B15C-AD08F9033117}.Debug|Any CPU.ActiveCfg = Debug|Any CPU
		{5FC54F24-EB10-4D4E-B15C-AD08F9033117}.Debug|Any CPU.Build.0 = Debug|Any CPU
		{5FC54F24-EB10-4D4E-B15C-AD08F9033117}.Debug|x64.ActiveCfg = Debug|Any CPU
		{5FC54F24-EB10-4D4E-B15C-AD08F9033117}.Debug|x64.Build.0 = Debug|Any CPU
		{5FC54F24-EB10-4D4E-B15C-AD08F9033117}.Debug|x86.ActiveCfg = Debug|Any CPU
		{5FC54F24-EB10-4D4E-B15C-AD08F9033117}.Debug|x86.Build.0 = Debug|Any CPU
		{5FC54F24-EB10-4D4E-B15C-AD08F9033117}.Release|Any CPU.ActiveCfg = Release|Any CPU
		{5FC54F24-EB10-4D4E-B15C-AD08F9033117}.Release|Any CPU.Build.0 = Release|Any CPU
		{5FC54F24-EB10-4D4E-B15C-AD08F9033117}.Release|x64.ActiveCfg = Release|Any CPU
		{5FC54F24-EB10-4D4E-B15C-AD08F9033117}.Release|x64.Build.0 = Release|Any CPU
		{5FC54F24-EB10-4D4E-B15C-AD08F9033117}.Release|x86.ActiveCfg = Release|Any CPU
		{5FC54F24-EB10-4D4E-B15C-AD08F9033117}.Release|x86.Build.0 = Release|Any CPU
		{AAB4BFA8-814A-449F-8D32-2C77A0E16895}.Debug|Any CPU.ActiveCfg = Debug|Any CPU
		{AAB4BFA8-814A-449F-8D32-2C77A0E16895}.Debug|Any CPU.Build.0 = Debug|Any CPU
		{AAB4BFA8-814A-449F-8D32-2C77A0E16895}.Debug|x64.ActiveCfg = Debug|Any CPU
		{AAB4BFA8-814A-449F-8D32-2C77A0E16895}.Debug|x64.Build.0 = Debug|Any CPU
		{AAB4BFA8-814A-449F-8D32-2C77A0E16895}.Debug|x86.ActiveCfg = Debug|Any CPU
		{AAB4BFA8-814A-449F-8D32-2C77A0E16895}.Debug|x86.Build.0 = Debug|Any CPU
		{AAB4BFA8-814A-449F-8D32-2C77A0E16895}.Release|Any CPU.ActiveCfg = Release|Any CPU
		{AAB4BFA8-814A-449F-8D32-2C77A0E16895}.Release|Any CPU.Build.0 = Release|Any CPU
		{AAB4BFA8-814A-449F-8D32-2C77A0E16895}.Release|x64.ActiveCfg = Release|Any CPU
		{AAB4BFA8-814A-449F-8D32-2C77A0E16895}.Release|x64.Build.0 = Release|Any CPU
		{AAB4BFA8-814A-449F-8D32-2C77A0E16895}.Release|x86.ActiveCfg = Release|Any CPU
		{AAB4BFA8-814A-449F-8D32-2C77A0E16895}.Release|x86.Build.0 = Release|Any CPU
	EndGlobalSection
	GlobalSection(SolutionProperties) = preSolution
		HideSolutionNode = FALSE
	EndGlobalSection
	GlobalSection(NestedProjects) = preSolution
		{8D626EA8-CB54-BC41-363A-217881BEBA6E} = {827E0CD3-B72D-47B6-A68D-7590B98EB39B}
		{38F2DDF5-6906-3FAF-215B-0C7703333DCB} = {8D626EA8-CB54-BC41-363A-217881BEBA6E}
		{7826A75C-E8E7-8D39-19CD-627C294407C4} = {38F2DDF5-6906-3FAF-215B-0C7703333DCB}
		{70163EAF-D35E-4925-8BDB-7711C458CC6B} = {7826A75C-E8E7-8D39-19CD-627C294407C4}
		{111878B0-C292-18F1-3FE4-E9F30941E2A6} = {827E0CD3-B72D-47B6-A68D-7590B98EB39B}
		{CD1086B3-D67F-2CE5-7953-AA9115C8CCBC} = {111878B0-C292-18F1-3FE4-E9F30941E2A6}
		{B986387F-3052-6D95-0228-7CC87B8387AD} = {CD1086B3-D67F-2CE5-7953-AA9115C8CCBC}
		{B123F771-67BF-49D4-BAE2-9383E0B0332D} = {B986387F-3052-6D95-0228-7CC87B8387AD}
		{D17B0AC7-917C-4E20-86D6-2A0FCA7DAA90} = {CD1086B3-D67F-2CE5-7953-AA9115C8CCBC}
		{1551775C-94B5-484B-A2B8-9AE45B1BB6EE} = {D17B0AC7-917C-4E20-86D6-2A0FCA7DAA90}
		{8FB84CAB-1BAC-D913-22DC-5E38840F6FD5} = {CD1086B3-D67F-2CE5-7953-AA9115C8CCBC}
		{F2EE5DFC-7D66-4B48-9C7B-13D6E4D2FEBA} = {8FB84CAB-1BAC-D913-22DC-5E38840F6FD5}
		{4DD963CA-84DD-0760-EF12-C2BC22EBDECF} = {CD1086B3-D67F-2CE5-7953-AA9115C8CCBC}
		{6D66BCDC-59BD-4F9F-8557-68416E68A35C} = {4DD963CA-84DD-0760-EF12-C2BC22EBDECF}
		{F6FDC0FD-C141-B423-7C68-0DF90D9BC1ED} = {827E0CD3-B72D-47B6-A68D-7590B98EB39B}
		{FC8020CA-77C0-A6D7-119C-0CD9A8BE7D21} = {F6FDC0FD-C141-B423-7C68-0DF90D9BC1ED}
		{FC524FC4-7F95-CB8F-01E7-BAD6B3A84137} = {FC8020CA-77C0-A6D7-119C-0CD9A8BE7D21}
		{0E080F64-6D24-46E5-82FE-FE186BDE61E0} = {FC524FC4-7F95-CB8F-01E7-BAD6B3A84137}
		{1BB9161D-80BD-8A6A-71B7-7CFBFA24086A} = {FC8020CA-77C0-A6D7-119C-0CD9A8BE7D21}
		{BB6EA71B-9E57-4926-AE3A-5D507589C926} = {1BB9161D-80BD-8A6A-71B7-7CFBFA24086A}
		{C36CD900-DA4C-1460-8F22-D895687CC565} = {FC8020CA-77C0-A6D7-119C-0CD9A8BE7D21}
		{C959BE4A-915A-4EFC-9299-25630C007D34} = {C36CD900-DA4C-1460-8F22-D895687CC565}
		{C4CCB092-CAF2-F64F-055E-9F53445D49EF} = {FC8020CA-77C0-A6D7-119C-0CD9A8BE7D21}
		{3A296159-C483-4543-90EA-54B2FE2F0BBC} = {C4CCB092-CAF2-F64F-055E-9F53445D49EF}
		{E1A36808-B719-B287-2D98-409CF890FFCC} = {F6FDC0FD-C141-B423-7C68-0DF90D9BC1ED}
		{C74082BC-B822-40C5-809E-C53D041039E9} = {E1A36808-B719-B287-2D98-409CF890FFCC}
		{F400F6E3-E8A9-AF23-8E4C-3268A21D62D2} = {F6FDC0FD-C141-B423-7C68-0DF90D9BC1ED}
		{C2428F99-C326-667D-B3CA-F29C7EEADC2A} = {F400F6E3-E8A9-AF23-8E4C-3268A21D62D2}
		{9291D5FC-0E70-428E-8C79-E46460892550} = {C2428F99-C326-667D-B3CA-F29C7EEADC2A}
		{F9E5E471-9D6C-4EF4-B42D-603AA03587DC} = {0AB3BF05-4346-4AA6-1389-037BE0695223}
		{61AE5CFC-75B0-36BA-B960-502D0EED551C} = {F400F6E3-E8A9-AF23-8E4C-3268A21D62D2}
		{5FC54F24-EB10-4D4E-B15C-AD08F9033117} = {61AE5CFC-75B0-36BA-B960-502D0EED551C}
		{F640D8A6-3CBC-5251-E9E4-82D93BBF81BE} = {FC8020CA-77C0-A6D7-119C-0CD9A8BE7D21}
		{AAB4BFA8-814A-449F-8D32-2C77A0E16895} = {F640D8A6-3CBC-5251-E9E4-82D93BBF81BE}
	EndGlobalSection
EndGlobal
